// !$*UTF8*$!
{
	archiveVersion = 1;
	classes = {
	};
	objectVersion = 46;
	objects = {

/* Begin PBXBuildFile section */
		8412A59A1E611DF1002A8DFC /* CreateTaskViewController.swift in Sources */ = {isa = PBXBuildFile; fileRef = 8412A5991E611DF1002A8DFC /* CreateTaskViewController.swift */; };
		8494E6061E5F53DE00E86380 /* AppDelegate.swift in Sources */ = {isa = PBXBuildFile; fileRef = 8494E6051E5F53DE00E86380 /* AppDelegate.swift */; };
		8494E6081E5F53DE00E86380 /* TasksViewController.swift in Sources */ = {isa = PBXBuildFile; fileRef = 8494E6071E5F53DE00E86380 /* TasksViewController.swift */; };
		8494E60B1E5F53DE00E86380 /* Main.storyboard in Resources */ = {isa = PBXBuildFile; fileRef = 8494E6091E5F53DE00E86380 /* Main.storyboard */; };
		8494E60E1E5F53DE00E86380 /* DoIt2.xcdatamodeld in Sources */ = {isa = PBXBuildFile; fileRef = 8494E60C1E5F53DE00E86380 /* DoIt2.xcdatamodeld */; };
		8494E6101E5F53DE00E86380 /* Assets.xcassets in Resources */ = {isa = PBXBuildFile; fileRef = 8494E60F1E5F53DE00E86380 /* Assets.xcassets */; };
		8494E6131E5F53DE00E86380 /* LaunchScreen.storyboard in Resources */ = {isa = PBXBuildFile; fileRef = 8494E6111E5F53DE00E86380 /* LaunchScreen.storyboard */; };
		8494E61B1E5F59D900E86380 /* Task.swift in Sources */ = {isa = PBXBuildFile; fileRef = 8494E61A1E5F59D900E86380 /* Task.swift */; };
/* End PBXBuildFile section */

/* Begin PBXFileReference section */
		8412A5991E611DF1002A8DFC /* CreateTaskViewController.swift */ = {isa = PBXFileReference; fileEncoding = 4; lastKnownFileType = sourcecode.swift; path = CreateTaskViewController.swift; sourceTree = "<group>"; };
		8494E6021E5F53DE00E86380 /* DoIt2.app */ = {isa = PBXFileReference; explicitFileType = wrapper.application; includeInIndex = 0; path = DoIt2.app; sourceTree = BUILT_PRODUCTS_DIR; };
		8494E6051E5F53DE00E86380 /* AppDelegate.swift */ = {isa = PBXFileReference; lastKnownFileType = sourcecode.swift; path = AppDelegate.swift; sourceTree = "<group>"; };
		8494E6071E5F53DE00E86380 /* TasksViewController.swift */ = {isa = PBXFileReference; lastKnownFileType = sourcecode.swift; path = TasksViewController.swift; sourceTree = "<group>"; };
		8494E60A1E5F53DE00E86380 /* Base */ = {isa = PBXFileReference; lastKnownFileType = file.storyboard; name = Base; path = Base.lproj/Main.storyboard; sourceTree = "<group>"; };
		8494E60D1E5F53DE00E86380 /* DoIt2.xcdatamodel */ = {isa = PBXFileReference; lastKnownFileType = wrapper.xcdatamodel; path = DoIt2.xcdatamodel; sourceTree = "<group>"; };
		8494E60F1E5F53DE00E86380 /* Assets.xcassets */ = {isa = PBXFileReference; lastKnownFileType = folder.assetcatalog; path = Assets.xcassets; sourceTree = "<group>"; };
		8494E6121E5F53DE00E86380 /* Base */ = {isa = PBXFileReference; lastKnownFileType = file.storyboard; name = Base; path = Base.lproj/LaunchScreen.storyboard; sourceTree = "<group>"; };
		8494E6141E5F53DE00E86380 /* Info.plist */ = {isa = PBXFileReference; lastKnownFileType = text.plist.xml; path = Info.plist; sourceTree = "<group>"; };
		8494E61A1E5F59D900E86380 /* Task.swift */ = {isa = PBXFileReference; fileEncoding = 4; lastKnownFileType = sourcecode.swift; path = Task.swift; sourceTree = "<group>"; };
/* End PBXFileReference section */

/* Begin PBXFrameworksBuildPhase section */
		8494E5FF1E5F53DE00E86380 /* Frameworks */ = {
			isa = PBXFrameworksBuildPhase;
			buildActionMask = 2147483647;
			files = (
			);
			runOnlyForDeploymentPostprocessing = 0;
		};
/* End PBXFrameworksBuildPhase section */

/* Begin PBXGroup section */
		8494E5F91E5F53DE00E86380 = {
			isa = PBXGroup;
			children = (
				8494E6041E5F53DE00E86380 /* DoIt2 */,
				8494E6031E5F53DE00E86380 /* Products */,
			);
			sourceTree = "<group>";
		};
		8494E6031E5F53DE00E86380 /* Products */ = {
			isa = PBXGroup;
			children = (
				8494E6021E5F53DE00E86380 /* DoIt2.app */,
			);
			name = Products;
			sourceTree = "<group>";
		};
		8494E6041E5F53DE00E86380 /* DoIt2 */ = {
			isa = PBXGroup;
			children = (
				8494E6051E5F53DE00E86380 /* AppDelegate.swift */,
				8494E6071E5F53DE00E86380 /* TasksViewController.swift */,
				8412A5991E611DF1002A8DFC /* CreateTaskViewController.swift */,
				8494E61A1E5F59D900E86380 /* Task.swift */,
				8494E6091E5F53DE00E86380 /* Main.storyboard */,
				8494E60F1E5F53DE00E86380 /* Assets.xcassets */,
				8494E6111E5F53DE00E86380 /* LaunchScreen.storyboard */,
				8494E6141E5F53DE00E86380 /* Info.plist */,
				8494E60C1E5F53DE00E86380 /* DoIt2.xcdatamodeld */,
			);
			path = DoIt2;
			sourceTree = "<group>";
		};
/* End PBXGroup section */

/* Begin PBXNativeTarget section */
		8494E6011E5F53DE00E86380 /* DoIt2 */ = {
			isa = PBXNativeTarget;
			buildConfigurationList = 8494E6171E5F53DE00E86380 /* Build configuration list for PBXNativeTarget "DoIt2" */;
			buildPhases = (
				8494E5FE1E5F53DE00E86380 /* Sources */,
				8494E5FF1E5F53DE00E86380 /* Frameworks */,
				8494E6001E5F53DE00E86380 /* Resources */,
			);
			buildRules = (
			);
			dependencies = (
			);
			name = DoIt2;
			productName = DoIt2;
			productReference = 8494E6021E5F53DE00E86380 /* DoIt2.app */;
			productType = "com.apple.product-type.application";
		};
/* End PBXNativeTarget section */

/* Begin PBXProject section */
		8494E5FA1E5F53DE00E86380 /* Project object */ = {
			isa = PBXProject;
			attributes = {
				LastSwiftUpdateCheck = 0820;
				LastUpgradeCheck = 0820;
				ORGANIZATIONNAME = "Kamil Wrobel";
				TargetAttributes = {
					8494E6011E5F53DE00E86380 = {
						CreatedOnToolsVersion = 8.2.1;
						ProvisioningStyle = Automatic;
					};
				};
			};
			buildConfigurationList = 8494E5FD1E5F53DE00E86380 /* Build configuration list for PBXProject "DoIt2" */;
			compatibilityVersion = "Xcode 3.2";
			developmentRegion = English;
			hasScannedForEncodings = 0;
			knownRegions = (
				en,
				Base,
			);
			mainGroup = 8494E5F91E5F53DE00E86380;
			productRefGroup = 8494E6031E5F53DE00E86380 /* Products */;
			projectDirPath = "";
			projectRoot = "";
			targets = (
				8494E6011E5F53DE00E86380 /* DoIt2 */,
			);
		};
/* End PBXProject section */

/* Begin PBXResourcesBuildPhase section */
		8494E6001E5F53DE00E86380 /* Resources */ = {
			isa = PBXResourcesBuildPhase;
			buildActionMask = 2147483647;
			files = (
				8494E6131E5F53DE00E86380 /* LaunchScreen.storyboard in Resources */,
				8494E6101E5F53DE00E86380 /* Assets.xcassets in Resources */,
				8494E60B1E5F53DE00E86380 /* Main.storyboard in Resources */,
			);
			runOnlyForDeploymentPostprocessing = 0;
		};
/* End PBXResourcesBuildPhase section */

/* Begin PBXSourcesBuildPhase section */
		8494E5FE1E5F53DE00E86380 /* Sources */ = {
			isa = PBXSourcesBuildPhase;
			buildActionMask = 2147483647;
			files = (
				8494E61B1E5F59D900E86380 /* Task.swift in Sources */,
				8494E6081E5F53DE00E86380 /* TasksViewController.swift in Sources */,
				8494E60E1E5F53DE00E86380 /* DoIt2.xcdatamodeld in Sources */,
				8494E6061E5F53DE00E86380 /* AppDelegate.swift in Sources */,
				8412A59A1E611DF1002A8DFC /* CreateTaskViewController.swift in Sources */,
			);
			runOnlyForDeploymentPostprocessing = 0;
		};
/* End PBXSourcesBuildPhase section */

/* Begin PBXVariantGroup section */
		8494E6091E5F53DE00E86380 /* Main.storyboard */ = {
			isa = PBXVariantGroup;
			children = (
				8494E60A1E5F53DE00E86380 /* Base */,
			);
			name = Main.storyboard;
			sourceTree = "<group>";
		};
		8494E6111E5F53DE00E86380 /* LaunchScreen.storyboard */ = {
			isa = PBXVariantGroup;
			children = (
				8494E6121E5F53DE00E86380 /* Base */,
			);
			name = LaunchScreen.storyboard;
			sourceTree = "<group>";
		};
/* End PBXVariantGroup section */

/* Begin XCBuildConfiguration section */
		8494E6151E5F53DE00E86380 /* Debug */ = {
			isa = XCBuildConfiguration;
			buildSettings = {
				ALWAYS_SEARCH_USER_PATHS = NO;
				CLANG_ANALYZER_NONNULL = YES;
				CLANG_CXX_LANGUAGE_STANDARD = "gnu++0x";
				CLANG_CXX_LIBRARY = "libc++";
				CLANG_ENABLE_MODULES = YES;
				CLANG_ENABLE_OBJC_ARC = YES;
				CLANG_WARN_BOOL_CONVERSION = YES;
				CLANG_WARN_CONSTANT_CONVERSION = YES;
				CLANG_WARN_DIRECT_OBJC_ISA_USAGE = YES_ERROR;
				CLANG_WARN_DOCUMENTATION_COMMENTS = YES;
				CLANG_WARN_EMPTY_BODY = YES;
				CLANG_WARN_ENUM_CONVERSION = YES;
				CLANG_WARN_INFINITE_RECURSION = YES;
				CLANG_WARN_INT_CONVERSION = YES;
				CLANG_WARN_OBJC_ROOT_CLASS = YES_ERROR;
				CLANG_WARN_SUSPICIOUS_MOVE = YES;
				CLANG_WARN_UNREACHABLE_CODE = YES;
				CLANG_WARN__DUPLICATE_METHOD_MATCH = YES;
				"CODE_SIGN_IDENTITY[sdk=iphoneos*]" = "iPhone Developer";
				COPY_PHASE_STRIP = NO;
				DEBUG_INFORMATION_FORMAT = dwarf;
				ENABLE_STRICT_OBJC_MSGSEND = YES;
				ENABLE_TESTABILITY = YES;
				GCC_C_LANGUAGE_STANDARD = gnu99;
				GCC_DYNAMIC_NO_PIC = NO;
				GCC_NO_COMMON_BLOCKS = YES;
				GCC_OPTIMIZATION_LEVEL = 0;
				GCC_PREPROCESSOR_DEFINITIONS = (
					"DEBUG=1",
					"$(inherited)",
				);
				GCC_WARN_64_TO_32_BIT_CONVERSION = YES;
				GCC_WARN_ABOUT_RETURN_TYPE = YES_ERROR;
				GCC_WARN_UNDECLARED_SELECTOR = YES;
				GCC_WARN_UNINITIALIZED_AUTOS = YES_AGGRESSIVE;
				GCC_WARN_UNUSED_FUNCTION = YES;
				GCC_WARN_UNUSED_VARIABLE = YES;
				IPHONEOS_DEPLOYMENT_TARGET = 10.2;
				MTL_ENABLE_DEBUG_INFO = YES;
				ONLY_ACTIVE_ARCH = YES;
				SDKROOT = iphoneos;
				SWIFT_ACTIVE_COMPILATION_CONDITIONS = DEBUG;
				SWIFT_OPTIMIZATION_LEVEL = "-Onone";
				TARGETED_DEVICE_FAMILY = "1,2";
			};
			name = Debug;
		};
		8494E6161E5F53DE00E86380 /* Release */ = {
			isa = XCBuildConfiguration;
			buildSettings = {
				ALWAYS_SEARCH_USER_PATHS = NO;
				CLANG_ANALYZER_NONNULL = YES;
				CLANG_CXX_LANGUAGE_STANDARD = "gnu++0x";
				CLANG_CXX_LIBRARY = "libc++";
				CLANG_ENABLE_MODULES = YES;
				CLANG_ENABLE_OBJC_ARC = YES;
				CLANG_WARN_BOOL_CONVERSION = YES;
				CLANG_WARN_CONSTANT_CONVERSION = YES;
				CLANG_WARN_DIRECT_OBJC_ISA_USAGE = YES_ERROR;
				CLANG_WARN_DOCUMENTATION_COMMENTS = YES;
				CLANG_WARN_EMPTY_BODY = YES;
				CLANG_WARN_ENUM_CONVERSION = YES;
				CLANG_WARN_INFINITE_RECURSION = YES;
				CLANG_WARN_INT_CONVERSION = YES;
				CLANG_WARN_OBJC_ROOT_CLASS = YES_ERROR;
				CLANG_WARN_SUSPICIOUS_MOVE = YES;
				CLANG_WARN_UNREACHABLE_CODE = YES;
				CLANG_WARN__DUPLICATE_METHOD_MATCH = YES;
				"CODE_SIGN_IDENTITY[sdk=iphoneos*]" = "iPhone Developer";
				COPY_PHASE_STRIP = NO;
				DEBUG_INFORMATION_FORMAT = "dwarf-with-dsym";
				ENABLE_NS_ASSERTIONS = NO;
				ENABLE_STRICT_OBJC_MSGSEND = YES;
				GCC_C_LANGUAGE_STANDARD = gnu99;
				GCC_NO_COMMON_BLOCKS = YES;
				GCC_WARN_64_TO_32_BIT_CONVERSION = YES;
				GCC_WARN_ABOUT_RETURN_TYPE = YES_ERROR;
				GCC_WARN_UNDECLARED_SELECTOR = YES;
				GCC_WARN_UNINITIALIZED_AUTOS = YES_AGGRESSIVE;
				GCC_WARN_UNUSED_FUNCTION = YES;
				GCC_WARN_UNUSED_VARIABLE = YES;
				IPHONEOS_DEPLOYMENT_TARGET = 10.2;
				MTL_ENABLE_DEBUG_INFO = NO;
				SDKROOT = iphoneos;
				SWIFT_OPTIMIZATION_LEVEL = "-Owholemodule";
				TARGETED_DEVICE_FAMILY = "1,2";
				VALIDATE_PRODUCT = YES;
			};
			name = Release;
		};
		8494E6181E5F53DE00E86380 /* Debug */ = {
			isa = XCBuildConfiguration;
			buildSettings = {
				ASSETCATALOG_COMPILER_APPICON_NAME = AppIcon;
				INFOPLIST_FILE = DoIt2/Info.plist;
				LD_RUNPATH_SEARCH_PATHS = "$(inherited) @executable_path/Frameworks";
				PRODUCT_BUNDLE_IDENTIFIER = "com.xxx1-0.DoIt2";
				PRODUCT_NAME = "$(TARGET_NAME)";
				SWIFT_VERSION = 3.0;
			};
			name = Debug;
		};
		8494E6191E5F53DE00E86380 /* Release */ = {
			isa = XCBuildConfiguration;
			buildSettings = {
				ASSETCATALOG_COMPILER_APPICON_NAME = AppIcon;
				INFOPLIST_FILE = DoIt2/Info.plist;
				LD_RUNPATH_SEARCH_PATHS = "$(inherited) @executable_path/Frameworks";
				PRODUCT_BUNDLE_IDENTIFIER = "com.xxx1-0.DoIt2";
				PRODUCT_NAME = "$(TARGET_NAME)";
				SWIFT_VERSION = 3.0;
			};
			name = Release;
		};
/* End XCBuildConfiguration section */

/* Begin XCConfigurationList section */
		8494E5FD1E5F53DE00E86380 /* Build configuration list for PBXProject "DoIt2" */ = {
			isa = XCConfigurationList;
			buildConfigurations = (
				8494E6151E5F53DE00E86380 /* Debug */,
				8494E6161E5F53DE00E86380 /* Release */,
			);
			defaultConfigurationIsVisible = 0;
			defaultConfigurationName = Release;
		};
		8494E6171E5F53DE00E86380 /* Build configuration list for PBXNativeTarget "DoIt2" */ = {
			isa = XCConfigurationList;
			buildConfigurations = (
				8494E6181E5F53DE00E86380 /* Debug */,
				8494E6191E5F53DE00E86380 /* Release */,
			);
			defaultConfigurationIsVisible = 0;
			defaultConfigurationName = Release;
		};
/* End XCConfigurationList section */

/* Begin XCVersionGroup section */
		8494E60C1E5F53DE00E86380 /* DoIt2.xcdatamodeld */ = {
			isa = XCVersionGroup;
			children = (
				8494E60D1E5F53DE00E86380 /* DoIt2.xcdatamodel */,
			);
			currentVersion = 8494E60D1E5F53DE00E86380 /* DoIt2.xcdatamodel */;
			path = DoIt2.xcdatamodeld;
			sourceTree = "<group>";
			versionGroupType = wrapper.xcdatamodel;
		};
/* End XCVersionGroup section */
	};
	rootObject = 8494E5FA1E5F53DE00E86380 /* Project object */;
}
